lockfileVersion: '9.12.0'

settings:
  autoInstallPeers: true
  excludeLinksFromLockfile: false

importers:
  .:
    dependencies:
      '@prisma/client':
        specifier: 5.18.0
        version: 5.18.0
      bcryptjs:
        specifier: ^2.4.3
        version: 2.4.3
      jspdf:
        specifier: ^2.5.1
        version: 2.5.1
      jspdf-autotable:
        specifier: ^3.8.2
        version: 3.8.2
      next:
        specifier: 14.2.4
        version: 14.2.4
      react:
        specifier: 18.3.1
        version: 18.3.1
      react-dom:
        specifier: 18.3.1
        version: 18.3.1
      zod:
        specifier: ^3.23.8
        version: 3.23.8
    devDependencies:
      '@types/bcryptjs':
        specifier: ^2.4.2
        version: 2.4.6
      prisma:
        specifier: 5.18.0
        version: 5.18.0
      typescript:
        specifier: 5.4.5
        version: 5.4.5

packages: {}
